{
    "hash": "c390cf849eb765e5959cdb6151ef431a",
    "packages": [
        {
            "name": "kriswallsmith/buzz",
            "version": "dev-master",
            "source": {
                "type": "git",
                "url": "http://github.com/kriswallsmith/Buzz.git",
                "reference": "988bf14201ffbed940f23b42f87302e6adec4c21"
            },
            "dist": {
                "type": "zip",
                "url": "https://github.com/kriswallsmith/Buzz/archive/988bf14201ffbed940f23b42f87302e6adec4c21.zip",
                "reference": "988bf14201ffbed940f23b42f87302e6adec4c21",
                "shasum": ""
            },
            "require": {
                "php": ">=5.3.0"
            },
            "suggest": {
                "ext-curl": "*"
            },
            "time": "2012-08-17 12:23:33",
            "type": "library",
            "installation-source": "source",
            "autoload": {
                "psr-0": {
                    "Buzz": "lib/"
                }
            },
            "notification-url": "https://packagist.org/downloads/",
            "license": [
                "MIT"
            ],
            "authors": [
                {
                    "name": "Kris Wallsmith",
                    "email": "kris.wallsmith@gmail.com",
                    "homepage": "http://kriswallsmith.net/"
                }
            ],
            "description": "Lightweight HTTP client",
            "homepage": "https://github.com/kriswallsmith/Buzz",
            "keywords": [
                "curl",
                "http client"
            ]
        }
    ],
    "packages-dev": null,
    "aliases": [

    ],
    "minimum-stability": "stable",
    "stability-flags": {
        "kriswallsmith/buzz": 20
    }
}
